// !$*UTF8*$!
{
	archiveVersion = 1;
	classes = {
	};
	objectVersion = 56;
	objects = {

/* Begin PBXBuildFile section */
		550BD95D28D8A43E004C380D /* WeatherApp.swift in Sources */ = {isa = PBXBuildFile; fileRef = 550BD95C28D8A43E004C380D /* WeatherApp.swift */; };
		550BD95F28D8A43E004C380D /* ContentView.swift in Sources */ = {isa = PBXBuildFile; fileRef = 550BD95E28D8A43E004C380D /* ContentView.swift */; };
		550BD96128D8A440004C380D /* Assets.xcassets in Resources */ = {isa = PBXBuildFile; fileRef = 550BD96028D8A440004C380D /* Assets.xcassets */; };
		550BD96428D8A440004C380D /* Preview Assets.xcassets in Resources */ = {isa = PBXBuildFile; fileRef = 550BD96328D8A440004C380D /* Preview Assets.xcassets */; };
		550BD96C28D8A5EB004C380D /* LocationManager.swift in Sources */ = {isa = PBXBuildFile; fileRef = 550BD96B28D8A5EB004C380D /* LocationManager.swift */; };
		550BD96F28D8A84C004C380D /* WelcomeView.swift in Sources */ = {isa = PBXBuildFile; fileRef = 550BD96E28D8A84C004C380D /* WelcomeView.swift */; };
		550BD97128D8AD77004C380D /* LoadingView.swift in Sources */ = {isa = PBXBuildFile; fileRef = 550BD97028D8AD77004C380D /* LoadingView.swift */; };
		550BD97328D8B041004C380D /* WeatherManager.swift in Sources */ = {isa = PBXBuildFile; fileRef = 550BD97228D8B041004C380D /* WeatherManager.swift */; };
		559DC89528D8BC83003A36EA /* WeatherView.swift in Sources */ = {isa = PBXBuildFile; fileRef = 559DC89428D8BC83003A36EA /* WeatherView.swift */; };
		559DC89A28D8BDE0003A36EA /* WeatherRow.swift in Sources */ = {isa = PBXBuildFile; fileRef = 559DC89928D8BDE0003A36EA /* WeatherRow.swift */; };
		559DC89C28D8BEB2003A36EA /* ModelData.swift in Sources */ = {isa = PBXBuildFile; fileRef = 559DC89B28D8BEB2003A36EA /* ModelData.swift */; };
		559DC89E28D8BF1C003A36EA /* weatherData.json in Resources */ = {isa = PBXBuildFile; fileRef = 559DC89D28D8BF1C003A36EA /* weatherData.json */; };
		559DC8A028D8BF8A003A36EA /* extensions.swift in Sources */ = {isa = PBXBuildFile; fileRef = 559DC89F28D8BF8A003A36EA /* extensions.swift */; };
/* End PBXBuildFile section */

/* Begin PBXFileReference section */
		550BD95928D8A43E004C380D /* Weather.app */ = {isa = PBXFileReference; explicitFileType = wrapper.application; includeInIndex = 0; path = Weather.app; sourceTree = BUILT_PRODUCTS_DIR; };
		550BD95C28D8A43E004C380D /* WeatherApp.swift */ = {isa = PBXFileReference; lastKnownFileType = sourcecode.swift; path = WeatherApp.swift; sourceTree = "<group>"; };
		550BD95E28D8A43E004C380D /* ContentView.swift */ = {isa = PBXFileReference; lastKnownFileType = sourcecode.swift; path = ContentView.swift; sourceTree = "<group>"; };
		550BD96028D8A440004C380D /* Assets.xcassets */ = {isa = PBXFileReference; lastKnownFileType = folder.assetcatalog; path = Assets.xcassets; sourceTree = "<group>"; };
		550BD96328D8A440004C380D /* Preview Assets.xcassets */ = {isa = PBXFileReference; lastKnownFileType = folder.assetcatalog; path = "Preview Assets.xcassets"; sourceTree = "<group>"; };
		550BD96B28D8A5EB004C380D /* LocationManager.swift */ = {isa = PBXFileReference; lastKnownFileType = sourcecode.swift; path = LocationManager.swift; sourceTree = "<group>"; };
		550BD96E28D8A84C004C380D /* WelcomeView.swift */ = {isa = PBXFileReference; lastKnownFileType = sourcecode.swift; path = WelcomeView.swift; sourceTree = "<group>"; };
		550BD97028D8AD77004C380D /* LoadingView.swift */ = {isa = PBXFileReference; lastKnownFileType = sourcecode.swift; path = LoadingView.swift; sourceTree = "<group>"; };
		550BD97228D8B041004C380D /* WeatherManager.swift */ = {isa = PBXFileReference; lastKnownFileType = sourcecode.swift; path = WeatherManager.swift; sourceTree = "<group>"; };
		559DC89428D8BC83003A36EA /* WeatherView.swift */ = {isa = PBXFileReference; lastKnownFileType = sourcecode.swift; path = WeatherView.swift; sourceTree = "<group>"; };
		559DC89928D8BDE0003A36EA /* WeatherRow.swift */ = {isa = PBXFileReference; lastKnownFileType = sourcecode.swift; path = WeatherRow.swift; sourceTree = "<group>"; };
		559DC89B28D8BEB2003A36EA /* ModelData.swift */ = {isa = PBXFileReference; lastKnownFileType = sourcecode.swift; path = ModelData.swift; sourceTree = "<group>"; };
		559DC89D28D8BF1C003A36EA /* weatherData.json */ = {isa = PBXFileReference; lastKnownFileType = text.json; path = weatherData.json; sourceTree = "<group>"; };
		559DC89F28D8BF8A003A36EA /* extensions.swift */ = {isa = PBXFileReference; lastKnownFileType = sourcecode.swift; path = extensions.swift; sourceTree = "<group>"; };
/* End PBXFileReference section */

/* Begin PBXFrameworksBuildPhase section */
		550BD95628D8A43E004C380D /* Frameworks */ = {
			isa = PBXFrameworksBuildPhase;
			buildActionMask = 2147483647;
			files = (
			);
			runOnlyForDeploymentPostprocessing = 0;
		};
/* End PBXFrameworksBuildPhase section */

/* Begin PBXGroup section */
		550BD95028D8A43E004C380D = {
			isa = PBXGroup;
			children = (
				550BD95B28D8A43E004C380D /* Weather */,
				550BD95A28D8A43E004C380D /* Products */,
			);
			sourceTree = "<group>";
		};
		550BD95A28D8A43E004C380D /* Products */ = {
			isa = PBXGroup;
			children = (
				550BD95928D8A43E004C380D /* Weather.app */,
			);
			name = Products;
			sourceTree = "<group>";
		};
		550BD95B28D8A43E004C380D /* Weather */ = {
			isa = PBXGroup;
			children = (
				559DC89F28D8BF8A003A36EA /* extensions.swift */,
				559DC89628D8BDA8003A36EA /* Components */,
				550BD95C28D8A43E004C380D /* WeatherApp.swift */,
				550BD96D28D8A788004C380D /* Views */,
				550BD96A28D8A5CC004C380D /* Managers */,
				550BD96028D8A440004C380D /* Assets.xcassets */,
				550BD96228D8A440004C380D /* Preview Content */,
			);
			path = Weather;
			sourceTree = "<group>";
		};
		550BD96228D8A440004C380D /* Preview Content */ = {
			isa = PBXGroup;
			children = (
				550BD96328D8A440004C380D /* Preview Assets.xcassets */,
				559DC89B28D8BEB2003A36EA /* ModelData.swift */,
				559DC89D28D8BF1C003A36EA /* weatherData.json */,
			);
			path = "Preview Content";
			sourceTree = "<group>";
		};
		550BD96A28D8A5CC004C380D /* Managers */ = {
			isa = PBXGroup;
			children = (
				550BD96B28D8A5EB004C380D /* LocationManager.swift */,
				550BD97228D8B041004C380D /* WeatherManager.swift */,
			);
			path = Managers;
			sourceTree = "<group>";
		};
		550BD96D28D8A788004C380D /* Views */ = {
			isa = PBXGroup;
			children = (
				550BD95E28D8A43E004C380D /* ContentView.swift */,
				550BD96E28D8A84C004C380D /* WelcomeView.swift */,
				550BD97028D8AD77004C380D /* LoadingView.swift */,
				559DC89428D8BC83003A36EA /* WeatherView.swift */,
			);
			path = Views;
			sourceTree = "<group>";
		};
		559DC89628D8BDA8003A36EA /* Components */ = {
			isa = PBXGroup;
			children = (
				559DC89928D8BDE0003A36EA /* WeatherRow.swift */,
			);
			path = Components;
			sourceTree = "<group>";
		};
/* End PBXGroup section */

/* Begin PBXNativeTarget section */
		550BD95828D8A43E004C380D /* Weather */ = {
			isa = PBXNativeTarget;
			buildConfigurationList = 550BD96728D8A440004C380D /* Build configuration list for PBXNativeTarget "Weather" */;
			buildPhases = (
				550BD95528D8A43E004C380D /* Sources */,
				550BD95628D8A43E004C380D /* Frameworks */,
				550BD95728D8A43E004C380D /* Resources */,
			);
			buildRules = (
			);
			dependencies = (
			);
			name = Weather;
			productName = Weather;
			productReference = 550BD95928D8A43E004C380D /* Weather.app */;
			productType = "com.apple.product-type.application";
		};
/* End PBXNativeTarget section */

/* Begin PBXProject section */
		550BD95128D8A43E004C380D /* Project object */ = {
			isa = PBXProject;
			attributes = {
				BuildIndependentTargetsInParallel = 1;
				LastSwiftUpdateCheck = 1400;
				LastUpgradeCheck = 1400;
				TargetAttributes = {
					550BD95828D8A43E004C380D = {
						CreatedOnToolsVersion = 14.0;
					};
				};
			};
			buildConfigurationList = 550BD95428D8A43E004C380D /* Build configuration list for PBXProject "Weather" */;
			compatibilityVersion = "Xcode 14.0";
			developmentRegion = en;
			hasScannedForEncodings = 0;
			knownRegions = (
				en,
				Base,
			);
			mainGroup = 550BD95028D8A43E004C380D;
			productRefGroup = 550BD95A28D8A43E004C380D /* Products */;
			projectDirPath = "";
			projectRoot = "";
			targets = (
				550BD95828D8A43E004C380D /* Weather */,
			);
		};
/* End PBXProject section */

/* Begin PBXResourcesBuildPhase section */
		550BD95728D8A43E004C380D /* Resources */ = {
			isa = PBXResourcesBuildPhase;
			buildActionMask = 2147483647;
			files = (
				550BD96428D8A440004C380D /* Preview Assets.xcassets in Resources */,
				559DC89E28D8BF1C003A36EA /* weatherData.json in Resources */,
				550BD96128D8A440004C380D /* Assets.xcassets in Resources */,
			);
			runOnlyForDeploymentPostprocessing = 0;
		};
/* End PBXResourcesBuildPhase section */

/* Begin PBXSourcesBuildPhase section */
		550BD95528D8A43E004C380D /* Sources */ = {
			isa = PBXSourcesBuildPhase;
			buildActionMask = 2147483647;
			files = (
				550BD97328D8B041004C380D /* WeatherManager.swift in Sources */,
				550BD95F28D8A43E004C380D /* ContentView.swift in Sources */,
				559DC89C28D8BEB2003A36EA /* ModelData.swift in Sources */,
				550BD95D28D8A43E004C380D /* WeatherApp.swift in Sources */,
				559DC89A28D8BDE0003A36EA /* WeatherRow.swift in Sources */,
				559DC8A028D8BF8A003A36EA /* extensions.swift in Sources */,
				550BD96C28D8A5EB004C380D /* LocationManager.swift in Sources */,
				550BD97128D8AD77004C380D /* LoadingView.swift in Sources */,
				559DC89528D8BC83003A36EA /* WeatherView.swift in Sources */,
				550BD96F28D8A84C004C380D /* WelcomeView.swift in Sources */,
			);
			runOnlyForDeploymentPostprocessing = 0;
		};
/* End PBXSourcesBuildPhase section */

/* Begin XCBuildConfiguration section */
		550BD96528D8A440004C380D /* Debug */ = {
			isa = XCBuildConfiguration;
			buildSettings = {
				ALWAYS_SEARCH_USER_PATHS = NO;
				CLANG_ANALYZER_NONNULL = YES;
				CLANG_ANALYZER_NUMBER_OBJECT_CONVERSION = YES_AGGRESSIVE;
				CLANG_CXX_LANGUAGE_STANDARD = "gnu++20";
				CLANG_ENABLE_MODULES = YES;
				CLANG_ENABLE_OBJC_ARC = YES;
				CLANG_ENABLE_OBJC_WEAK = YES;
				CLANG_WARN_BLOCK_CAPTURE_AUTORELEASING = YES;
				CLANG_WARN_BOOL_CONVERSION = YES;
				CLANG_WARN_COMMA = YES;
				CLANG_WARN_CONSTANT_CONVERSION = YES;
				CLANG_WARN_DEPRECATED_OBJC_IMPLEMENTATIONS = YES;
				CLANG_WARN_DIRECT_OBJC_ISA_USAGE = YES_ERROR;
				CLANG_WARN_DOCUMENTATION_COMMENTS = YES;
				CLANG_WARN_EMPTY_BODY = YES;
				CLANG_WARN_ENUM_CONVERSION = YES;
				CLANG_WARN_INFINITE_RECURSION = YES;
				CLANG_WARN_INT_CONVERSION = YES;
				CLANG_WARN_NON_LITERAL_NULL_CONVERSION = YES;
				CLANG_WARN_OBJC_IMPLICIT_RETAIN_SELF = YES;
				CLANG_WARN_OBJC_LITERAL_CONVERSION = YES;
				CLANG_WARN_OBJC_ROOT_CLASS = YES_ERROR;
				CLANG_WARN_QUOTED_INCLUDE_IN_FRAMEWORK_HEADER = YES;
				CLANG_WARN_RANGE_LOOP_ANALYSIS = YES;
				CLANG_WARN_STRICT_PROTOTYPES = YES;
				CLANG_WARN_SUSPICIOUS_MOVE = YES;
				CLANG_WARN_UNGUARDED_AVAILABILITY = YES_AGGRESSIVE;
				CLANG_WARN_UNREACHABLE_CODE = YES;
				CLANG_WARN__DUPLICATE_METHOD_MATCH = YES;
				COPY_PHASE_STRIP = NO;
				DEBUG_INFORMATION_FORMAT = dwarf;
				ENABLE_STRICT_OBJC_MSGSEND = YES;
				ENABLE_TESTABILITY = YES;
				GCC_C_LANGUAGE_STANDARD = gnu11;
				GCC_DYNAMIC_NO_PIC = NO;
				GCC_NO_COMMON_BLOCKS = YES;
				GCC_OPTIMIZATION_LEVEL = 0;
				GCC_PREPROCESSOR_DEFINITIONS = (
					"DEBUG=1",
					"$(inherited)",
				);
				GCC_WARN_64_TO_32_BIT_CONVERSION = YES;
				GCC_WARN_ABOUT_RETURN_TYPE = YES_ERROR;
				GCC_WARN_UNDECLARED_SELECTOR = YES;
				GCC_WARN_UNINITIALIZED_AUTOS = YES_AGGRESSIVE;
				GCC_WARN_UNUSED_FUNCTION = YES;
				GCC_WARN_UNUSED_VARIABLE = YES;
				IPHONEOS_DEPLOYMENT_TARGET = 16.0;
				MTL_ENABLE_DEBUG_INFO = INCLUDE_SOURCE;
				MTL_FAST_MATH = YES;
				ONLY_ACTIVE_ARCH = YES;
				SDKROOT = iphoneos;
				SWIFT_ACTIVE_COMPILATION_CONDITIONS = DEBUG;
				SWIFT_OPTIMIZATION_LEVEL = "-Onone";
			};
			name = Debug;
		};
		550BD96628D8A440004C380D /* Release */ = {
			isa = XCBuildConfiguration;
			buildSettings = {
				ALWAYS_SEARCH_USER_PATHS = NO;
				CLANG_ANALYZER_NONNULL = YES;
				CLANG_ANALYZER_NUMBER_OBJECT_CONVERSION = YES_AGGRESSIVE;
				CLANG_CXX_LANGUAGE_STANDARD = "gnu++20";
				CLANG_ENABLE_MODULES = YES;
				CLANG_ENABLE_OBJC_ARC = YES;
				CLANG_ENABLE_OBJC_WEAK = YES;
				CLANG_WARN_BLOCK_CAPTURE_AUTORELEASING = YES;
				CLANG_WARN_BOOL_CONVERSION = YES;
				CLANG_WARN_COMMA = YES;
				CLANG_WARN_CONSTANT_CONVERSION = YES;
				CLANG_WARN_DEPRECATED_OBJC_IMPLEMENTATIONS = YES;
				CLANG_WARN_DIRECT_OBJC_ISA_USAGE = YES_ERROR;
				CLANG_WARN_DOCUMENTATION_COMMENTS = YES;
				CLANG_WARN_EMPTY_BODY = YES;
				CLANG_WARN_ENUM_CONVERSION = YES;
				CLANG_WARN_INFINITE_RECURSION = YES;
				CLANG_WARN_INT_CONVERSION = YES;
				CLANG_WARN_NON_LITERAL_NULL_CONVERSION = YES;
				CLANG_WARN_OBJC_IMPLICIT_RETAIN_SELF = YES;
				CLANG_WARN_OBJC_LITERAL_CONVERSION = YES;
				CLANG_WARN_OBJC_ROOT_CLASS = YES_ERROR;
				CLANG_WARN_QUOTED_INCLUDE_IN_FRAMEWORK_HEADER = YES;
				CLANG_WARN_RANGE_LOOP_ANALYSIS = YES;
				CLANG_WARN_STRICT_PROTOTYPES = YES;
				CLANG_WARN_SUSPICIOUS_MOVE = YES;
				CLANG_WARN_UNGUARDED_AVAILABILITY = YES_AGGRESSIVE;
				CLANG_WARN_UNREACHABLE_CODE = YES;
				CLANG_WARN__DUPLICATE_METHOD_MATCH = YES;
				COPY_PHASE_STRIP = NO;
				DEBUG_INFORMATION_FORMAT = "dwarf-with-dsym";
				ENABLE_NS_ASSERTIONS = NO;
				ENABLE_STRICT_OBJC_MSGSEND = YES;
				GCC_C_LANGUAGE_STANDARD = gnu11;
				GCC_NO_COMMON_BLOCKS = YES;
				GCC_WARN_64_TO_32_BIT_CONVERSION = YES;
				GCC_WARN_ABOUT_RETURN_TYPE = YES_ERROR;
				GCC_WARN_UNDECLARED_SELECTOR = YES;
				GCC_WARN_UNINITIALIZED_AUTOS = YES_AGGRESSIVE;
				GCC_WARN_UNUSED_FUNCTION = YES;
				GCC_WARN_UNUSED_VARIABLE = YES;
				IPHONEOS_DEPLOYMENT_TARGET = 16.0;
				MTL_ENABLE_DEBUG_INFO = NO;
				MTL_FAST_MATH = YES;
				SDKROOT = iphoneos;
				SWIFT_COMPILATION_MODE = wholemodule;
				SWIFT_OPTIMIZATION_LEVEL = "-O";
				VALIDATE_PRODUCT = YES;
			};
			name = Release;
		};
		550BD96828D8A440004C380D /* Debug */ = {
			isa = XCBuildConfiguration;
			buildSettings = {
				ASSETCATALOG_COMPILER_APPICON_NAME = AppIcon;
				ASSETCATALOG_COMPILER_GLOBAL_ACCENT_COLOR_NAME = AccentColor;
				CODE_SIGN_STYLE = Automatic;
				CURRENT_PROJECT_VERSION = 1;
				DEVELOPMENT_ASSET_PATHS = "\"Weather/Preview Content\"";
				DEVELOPMENT_TEAM = D8BNY9ZBZ2;
				ENABLE_PREVIEWS = YES;
				GENERATE_INFOPLIST_FILE = YES;
				INFOPLIST_KEY_UIApplicationSceneManifest_Generation = YES;
				INFOPLIST_KEY_UIApplicationSupportsIndirectInputEvents = YES;
				INFOPLIST_KEY_UILaunchScreen_Generation = YES;
				INFOPLIST_KEY_UISupportedInterfaceOrientations_iPad = "UIInterfaceOrientationPortrait UIInterfaceOrientationPortraitUpsideDown UIInterfaceOrientationLandscapeLeft UIInterfaceOrientationLandscapeRight";
				INFOPLIST_KEY_UISupportedInterfaceOrientations_iPhone = "UIInterfaceOrientationPortrait UIInterfaceOrientationLandscapeLeft UIInterfaceOrientationLandscapeRight";
				LD_RUNPATH_SEARCH_PATHS = (
					"$(inherited)",
					"@executable_path/Frameworks",
				);
				MARKETING_VERSION = 1.0;
				PRODUCT_BUNDLE_IDENTIFIER = com.mysoft.Weather;
				PRODUCT_NAME = "$(TARGET_NAME)";
				SWIFT_EMIT_LOC_STRINGS = YES;
				SWIFT_VERSION = 5.0;
				TARGETED_DEVICE_FAMILY = "1,2";
			};
			name = Debug;
		};
		550BD96928D8A440004C380D /* Release */ = {
			isa = XCBuildConfiguration;
			buildSettings = {
				ASSETCATALOG_COMPILER_APPICON_NAME = AppIcon;
				ASSETCATALOG_COMPILER_GLOBAL_ACCENT_COLOR_NAME = AccentColor;
				CODE_SIGN_STYLE = Automatic;
				CURRENT_PROJECT_VERSION = 1;
				DEVELOPMENT_ASSET_PATHS = "\"Weather/Preview Content\"";
				DEVELOPMENT_TEAM = D8BNY9ZBZ2;
				ENABLE_PREVIEWS = YES;
				GENERATE_INFOPLIST_FILE = YES;
				INFOPLIST_KEY_UIApplicationSceneManifest_Generation = YES;
				INFOPLIST_KEY_UIApplicationSupportsIndirectInputEvents = YES;
				INFOPLIST_KEY_UILaunchScreen_Generation = YES;
				INFOPLIST_KEY_UISupportedInterfaceOrientations_iPad = "UIInterfaceOrientationPortrait UIInterfaceOrientationPortraitUpsideDown UIInterfaceOrientationLandscapeLeft UIInterfaceOrientationLandscapeRight";
				INFOPLIST_KEY_UISupportedInterfaceOrientations_iPhone = "UIInterfaceOrientationPortrait UIInterfaceOrientationLandscapeLeft UIInterfaceOrientationLandscapeRight";
				LD_RUNPATH_SEARCH_PATHS = (
					"$(inherited)",
					"@executable_path/Frameworks",
				);
				MARKETING_VERSION = 1.0;
				PRODUCT_BUNDLE_IDENTIFIER = com.mysoft.Weather;
				PRODUCT_NAME = "$(TARGET_NAME)";
				SWIFT_EMIT_LOC_STRINGS = YES;
				SWIFT_VERSION = 5.0;
				TARGETED_DEVICE_FAMILY = "1,2";
			};
			name = Release;
		};
/* End XCBuildConfiguration section */

/* Begin XCConfigurationList section */
		550BD95428D8A43E004C380D /* Build configuration list for PBXProject "Weather" */ = {
			isa = XCConfigurationList;
			buildConfigurations = (
				550BD96528D8A440004C380D /* Debug */,
				550BD96628D8A440004C380D /* Release */,
			);
			defaultConfigurationIsVisible = 0;
			defaultConfigurationName = Release;
		};
		550BD96728D8A440004C380D /* Build configuration list for PBXNativeTarget "Weather" */ = {
			isa = XCConfigurationList;
			buildConfigurations = (
				550BD96828D8A440004C380D /* Debug */,
				550BD96928D8A440004C380D /* Release */,
			);
			defaultConfigurationIsVisible = 0;
			defaultConfigurationName = Release;
		};
/* End XCConfigurationList section */
	};
	rootObject = 550BD95128D8A43E004C380D /* Project object */;
}
